
Microsoft Visual Studio Solution File, Format Version 12.00
# Visual Studio Version 16
VisualStudioVersion = 16.0.30907.101
MinimumVisualStudioVersion = 10.0.40219.1
Project("{9A19103F-16F7-4668-BE54-9A1E7A4F7556}") = "KampIntro", "KampIntro\KampIntro.csproj", "{FA4560DE-1892-41C1-9470-17855B25811B}"
EndProject
Project("{9A19103F-16F7-4668-BE54-9A1E7A4F7556}") = "Donguler", "Donguler\Donguler.csproj", "{641FFAD9-C55D-479C-AA78-5CCA19908E54}"
EndProject
Project("{9A19103F-16F7-4668-BE54-9A1E7A4F7556}") = "ClassIntro", "ClassIntro\ClassIntro.csproj", "{A90B2D3E-7440-4E04-9997-296B2F1083BC}"
EndProject
Project("{9A19103F-16F7-4668-BE54-9A1E7A4F7556}") = "Metotlar", "Metotlar\Metotlar.csproj", "{7E572AE3-FE7C-454B-BDC6-367D2AE5252F}"
EndProject
Project("{9A19103F-16F7-4668-BE54-9A1E7A4F7556}") = "Matematik", "Matematik\Matematik.csproj", "{012A467D-C5C6-43B0-BDD0-50C2F47CDD6B}"
EndProject
Project("{9A19103F-16F7-4668-BE54-9A1E7A4F7556}") = "DegerVeReferansTipler", "DegerVeReferansTipler\DegerVeReferansTipler.csproj", "{E9403C6E-447A-4217-B8D5-64111ECAEA32}"
EndProject
Project("{9A19103F-16F7-4668-BE54-9A1E7A4F7556}") = "OOP1", "OOP1\OOP1.csproj", "{AC45291E-3A7D-4371-A0B9-951C5B64E308}"
EndProject
Project("{9A19103F-16F7-4668-BE54-9A1E7A4F7556}") = "Koleksiyonlar", "Koleksiyonlar\Koleksiyonlar.csproj", "{16B38C2D-5A6C-48A7-B707-652BD9A19F86}"
EndProject
Project("{9A19103F-16F7-4668-BE54-9A1E7A4F7556}") = "GenericsIntro", "GenericsIntro\GenericsIntro.csproj", "{ABEE8940-C31C-41B2-BACB-9031CE7A52E6}"
EndProject
Project("{9A19103F-16F7-4668-BE54-9A1E7A4F7556}") = "OOP2", "OOP2\OOP2.csproj", "{9C0786C9-CA65-4525-88EE-EAB4E12AD8CC}"
EndProject
Project("{9A19103F-16F7-4668-BE54-9A1E7A4F7556}") = "OOP3", "OOP3\OOP3.csproj", "{AC20368E-44DB-46C7-A9ED-955290B71627}"
EndProject
Project("{9A19103F-16F7-4668-BE54-9A1E7A4F7556}") = "Workshop1", "Workshop1\Workshop1.csproj", "{D08650AD-B67A-4BD4-83AF-424311EDF55E}"
EndProject
Project("{9A19103F-16F7-4668-BE54-9A1E7A4F7556}") = "ClassMetothDemo", "ClassMetothDemo\ClassMetothDemo.csproj", "{3B93B3DB-5659-4136-A0FD-26DA15A6AFCA}"
EndProject
Project("{9A19103F-16F7-4668-BE54-9A1E7A4F7556}") = "GameProject", "GameProject\GameProject.csproj", "{512E7D49-C10C-44BC-9D28-4D4B82EC0465}"
EndProject
Project("{FAE04EC0-301F-11D3-BF4B-00C04F79EFBC}") = "HelloWorld", "HelloWorld\HelloWorld.csproj", "{58FA9BFB-27C3-42D1-AF55-63A446122BD0}"
EndProject
Global
	GlobalSection(SolutionConfigurationPlatforms) = preSolution
		Debug|Any CPU = Debug|Any CPU
		Release|Any CPU = Release|Any CPU
	EndGlobalSection
	GlobalSection(ProjectConfigurationPlatforms) = postSolution
		{FA4560DE-1892-41C1-9470-17855B25811B}.Debug|Any CPU.ActiveCfg = Debug|Any CPU
		{FA4560DE-1892-41C1-9470-17855B25811B}.Debug|Any CPU.Build.0 = Debug|Any CPU
		{FA4560DE-1892-41C1-9470-17855B25811B}.Release|Any CPU.ActiveCfg = Release|Any CPU
		{FA4560DE-1892-41C1-9470-17855B25811B}.Release|Any CPU.Build.0 = Release|Any CPU
		{641FFAD9-C55D-479C-AA78-5CCA19908E54}.Debug|Any CPU.ActiveCfg = Debug|Any CPU
		{641FFAD9-C55D-479C-AA78-5CCA19908E54}.Debug|Any CPU.Build.0 = Debug|Any CPU
		{641FFAD9-C55D-479C-AA78-5CCA19908E54}.Release|Any CPU.ActiveCfg = Release|Any CPU
		{641FFAD9-C55D-479C-AA78-5CCA19908E54}.Release|Any CPU.Build.0 = Release|Any CPU
		{A90B2D3E-7440-4E04-9997-296B2F1083BC}.Debug|Any CPU.ActiveCfg = Debug|Any CPU
		{A90B2D3E-7440-4E04-9997-296B2F1083BC}.Debug|Any CPU.Build.0 = Debug|Any CPU
		{A90B2D3E-7440-4E04-9997-296B2F1083BC}.Release|Any CPU.ActiveCfg = Release|Any CPU
		{A90B2D3E-7440-4E04-9997-296B2F1083BC}.Release|Any CPU.Build.0 = Release|Any CPU
		{7E572AE3-FE7C-454B-BDC6-367D2AE5252F}.Debug|Any CPU.ActiveCfg = Debug|Any CPU
		{7E572AE3-FE7C-454B-BDC6-367D2AE5252F}.Debug|Any CPU.Build.0 = Debug|Any CPU
		{7E572AE3-FE7C-454B-BDC6-367D2AE5252F}.Release|Any CPU.ActiveCfg = Release|Any CPU
		{7E572AE3-FE7C-454B-BDC6-367D2AE5252F}.Release|Any CPU.Build.0 = Release|Any CPU
		{012A467D-C5C6-43B0-BDD0-50C2F47CDD6B}.Debug|Any CPU.ActiveCfg = Debug|Any CPU
		{012A467D-C5C6-43B0-BDD0-50C2F47CDD6B}.Debug|Any CPU.Build.0 = Debug|Any CPU
		{012A467D-C5C6-43B0-BDD0-50C2F47CDD6B}.Release|Any CPU.ActiveCfg = Release|Any CPU
		{012A467D-C5C6-43B0-BDD0-50C2F47CDD6B}.Release|Any CPU.Build.0 = Release|Any CPU
		{E9403C6E-447A-4217-B8D5-64111ECAEA32}.Debug|Any CPU.ActiveCfg = Debug|Any CPU
		{E9403C6E-447A-4217-B8D5-64111ECAEA32}.Debug|Any CPU.Build.0 = Debug|Any CPU
		{E9403C6E-447A-4217-B8D5-64111ECAEA32}.Release|Any CPU.ActiveCfg = Release|Any CPU
		{E9403C6E-447A-4217-B8D5-64111ECAEA32}.Release|Any CPU.Build.0 = Release|Any CPU
		{AC45291E-3A7D-4371-A0B9-951C5B64E308}.Debug|Any CPU.ActiveCfg = Debug|Any CPU
		{AC45291E-3A7D-4371-A0B9-951C5B64E308}.Debug|Any CPU.Build.0 = Debug|Any CPU
		{AC45291E-3A7D-4371-A0B9-951C5B64E308}.Release|Any CPU.ActiveCfg = Release|Any CPU
		{AC45291E-3A7D-4371-A0B9-951C5B64E308}.Release|Any CPU.Build.0 = Release|Any CPU
		{16B38C2D-5A6C-48A7-B707-652BD9A19F86}.Debug|Any CPU.ActiveCfg = Debug|Any CPU
		{16B38C2D-5A6C-48A7-B707-652BD9A19F86}.Debug|Any CPU.Build.0 = Debug|Any CPU
		{16B38C2D-5A6C-48A7-B707-652BD9A19F86}.Release|Any CPU.ActiveCfg = Release|Any CPU
		{16B38C2D-5A6C-48A7-B707-652BD9A19F86}.Release|Any CPU.Build.0 = Release|Any CPU
		{ABEE8940-C31C-41B2-BACB-9031CE7A52E6}.Debug|Any CPU.ActiveCfg = Debug|Any CPU
		{ABEE8940-C31C-41B2-BACB-9031CE7A52E6}.Debug|Any CPU.Build.0 = Debug|Any CPU
		{ABEE8940-C31C-41B2-BACB-9031CE7A52E6}.Release|Any CPU.ActiveCfg = Release|Any CPU
		{ABEE8940-C31C-41B2-BACB-9031CE7A52E6}.Release|Any CPU.Build.0 = Release|Any CPU
		{9C0786C9-CA65-4525-88EE-EAB4E12AD8CC}.Debug|Any CPU.ActiveCfg = Debug|Any CPU
		{9C0786C9-CA65-4525-88EE-EAB4E12AD8CC}.Debug|Any CPU.Build.0 = Debug|Any CPU
		{9C0786C9-CA65-4525-88EE-EAB4E12AD8CC}.Release|Any CPU.ActiveCfg = Release|Any CPU
		{9C0786C9-CA65-4525-88EE-EAB4E12AD8CC}.Release|Any CPU.Build.0 = Release|Any CPU
		{AC20368E-44DB-46C7-A9ED-955290B71627}.Debug|Any CPU.ActiveCfg = Debug|Any CPU
		{AC20368E-44DB-46C7-A9ED-955290B71627}.Debug|Any CPU.Build.0 = Debug|Any CPU
		{AC20368E-44DB-46C7-A9ED-955290B71627}.Release|Any CPU.ActiveCfg = Release|Any CPU
		{AC20368E-44DB-46C7-A9ED-955290B71627}.Release|Any CPU.Build.0 = Release|Any CPU
		{D08650AD-B67A-4BD4-83AF-424311EDF55E}.Debug|Any CPU.ActiveCfg = Debug|Any CPU
		{D08650AD-B67A-4BD4-83AF-424311EDF55E}.Debug|Any CPU.Build.0 = Debug|Any CPU
		{D08650AD-B67A-4BD4-83AF-424311EDF55E}.Release|Any CPU.ActiveCfg = Release|Any CPU
		{D08650AD-B67A-4BD4-83AF-424311EDF55E}.Release|Any CPU.Build.0 = Release|Any CPU
		{3B93B3DB-5659-4136-A0FD-26DA15A6AFCA}.Debug|Any CPU.ActiveCfg = Debug|Any CPU
		{3B93B3DB-5659-4136-A0FD-26DA15A6AFCA}.Debug|Any CPU.Build.0 = Debug|Any CPU
		{3B93B3DB-5659-4136-A0FD-26DA15A6AFCA}.Release|Any CPU.ActiveCfg = Release|Any CPU
		{3B93B3DB-5659-4136-A0FD-26DA15A6AFCA}.Release|Any CPU.Build.0 = Release|Any CPU
		{512E7D49-C10C-44BC-9D28-4D4B82EC0465}.Debug|Any CPU.ActiveCfg = Debug|Any CPU
		{512E7D49-C10C-44BC-9D28-4D4B82EC0465}.Debug|Any CPU.Build.0 = Debug|Any CPU
		{512E7D49-C10C-44BC-9D28-4D4B82EC0465}.Release|Any CPU.ActiveCfg = Release|Any CPU
		{512E7D49-C10C-44BC-9D28-4D4B82EC0465}.Release|Any CPU.Build.0 = Release|Any CPU
		{58FA9BFB-27C3-42D1-AF55-63A446122BD0}.Debug|Any CPU.ActiveCfg = Debug|Any CPU
		{58FA9BFB-27C3-42D1-AF55-63A446122BD0}.Debug|Any CPU.Build.0 = Debug|Any CPU
		{58FA9BFB-27C3-42D1-AF55-63A446122BD0}.Release|Any CPU.ActiveCfg = Release|Any CPU
		{58FA9BFB-27C3-42D1-AF55-63A446122BD0}.Release|Any CPU.Build.0 = Release|Any CPU
	EndGlobalSection
	GlobalSection(SolutionProperties) = preSolution
		HideSolutionNode = FALSE
	EndGlobalSection
	GlobalSection(ExtensibilityGlobals) = postSolution
		SolutionGuid = {11C78631-6B61-4BE4-90B7-44FB8913DBFB}
	EndGlobalSection
EndGlobal
